
Microsoft Visual Studio Solution File, Format Version 12.00
# Visual Studio Version 17
VisualStudioVersion = 17.14.36301.6 d17.14
MinimumVisualStudioVersion = 10.0.40219.1
Project("{FAE04EC0-301F-11D3-BF4B-00C04F79EFBC}") = "2025.11.24._Fertozes", "2025.11.24._Fertozes\2025.11.24._Fertozes.csproj", "{2BFFA3C8-E9ED-44A6-9FF4-668E5E4886FB}"
EndProject
Global
	GlobalSection(SolutionConfigurationPlatforms) = preSolution
		Debug|Any CPU = Debug|Any CPU
		Release|Any CPU = Release|Any CPU
	EndGlobalSection
	GlobalSection(ProjectConfigurationPlatforms) = postSolution
		{2BFFA3C8-E9ED-44A6-9FF4-668E5E4886FB}.Debug|Any CPU.ActiveCfg = Debug|Any CPU
		{2BFFA3C8-E9ED-44A6-9FF4-668E5E4886FB}.Debug|Any CPU.Build.0 = Debug|Any CPU
		{2BFFA3C8-E9ED-44A6-9FF4-668E5E4886FB}.Release|Any CPU.ActiveCfg = Release|Any CPU
		{2BFFA3C8-E9ED-44A6-9FF4-668E5E4886FB}.Release|Any CPU.Build.0 = Release|Any CPU
	EndGlobalSection
	GlobalSection(SolutionProperties) = preSolution
		HideSolutionNode = FALSE
	EndGlobalSection
	GlobalSection(ExtensibilityGlobals) = postSolution
		SolutionGuid = {76D7E3AE-9E23-44D3-8FB5-15AAC918F886}
	EndGlobalSection
EndGlobal
