
Microsoft Visual Studio Solution File, Format Version 12.00
# Visual Studio Version 17
VisualStudioVersion = 17.14.36301.6 d17.14
MinimumVisualStudioVersion = 10.0.40219.1
Project("{FAE04EC0-301F-11D3-BF4B-00C04F79EFBC}") = "Gyakorlas1", "Gyakorlas1\Gyakorlas1.csproj", "{F0425F29-DD8B-40F5-B286-957540C8274D}"
EndProject
Global
	GlobalSection(SolutionConfigurationPlatforms) = preSolution
		Debug|Any CPU = Debug|Any CPU
		Release|Any CPU = Release|Any CPU
	EndGlobalSection
	GlobalSection(ProjectConfigurationPlatforms) = postSolution
		{F0425F29-DD8B-40F5-B286-957540C8274D}.Debug|Any CPU.ActiveCfg = Debug|Any CPU
		{F0425F29-DD8B-40F5-B286-957540C8274D}.Debug|Any CPU.Build.0 = Debug|Any CPU
		{F0425F29-DD8B-40F5-B286-957540C8274D}.Release|Any CPU.ActiveCfg = Release|Any CPU
		{F0425F29-DD8B-40F5-B286-957540C8274D}.Release|Any CPU.Build.0 = Release|Any CPU
	EndGlobalSection
	GlobalSection(SolutionProperties) = preSolution
		HideSolutionNode = FALSE
	EndGlobalSection
	GlobalSection(ExtensibilityGlobals) = postSolution
		SolutionGuid = {D71A8B47-E231-4810-BD2D-7B75778E7E1D}
	EndGlobalSection
EndGlobal
