
Microsoft Visual Studio Solution File, Format Version 12.00
# Visual Studio Version 17
VisualStudioVersion = 17.14.36301.6 d17.14
MinimumVisualStudioVersion = 10.0.40219.1
Project("{FAE04EC0-301F-11D3-BF4B-00C04F79EFBC}") = "2025.10.01._Csomopont", "2025.10.01._Csomopont\2025.10.01._Csomopont.csproj", "{12E830CF-B995-44CE-B506-9FF202CBD41B}"
EndProject
Global
	GlobalSection(SolutionConfigurationPlatforms) = preSolution
		Debug|Any CPU = Debug|Any CPU
		Release|Any CPU = Release|Any CPU
	EndGlobalSection
	GlobalSection(ProjectConfigurationPlatforms) = postSolution
		{12E830CF-B995-44CE-B506-9FF202CBD41B}.Debug|Any CPU.ActiveCfg = Debug|Any CPU
		{12E830CF-B995-44CE-B506-9FF202CBD41B}.Debug|Any CPU.Build.0 = Debug|Any CPU
		{12E830CF-B995-44CE-B506-9FF202CBD41B}.Release|Any CPU.ActiveCfg = Release|Any CPU
		{12E830CF-B995-44CE-B506-9FF202CBD41B}.Release|Any CPU.Build.0 = Release|Any CPU
	EndGlobalSection
	GlobalSection(SolutionProperties) = preSolution
		HideSolutionNode = FALSE
	EndGlobalSection
	GlobalSection(ExtensibilityGlobals) = postSolution
		SolutionGuid = {16067445-81D1-49F3-A5C0-68184E71F81A}
	EndGlobalSection
EndGlobal
