
Microsoft Visual Studio Solution File, Format Version 12.00
# Visual Studio Version 17
VisualStudioVersion = 17.14.36301.6 d17.14
MinimumVisualStudioVersion = 10.0.40219.1
Project("{FAE04EC0-301F-11D3-BF4B-00C04F79EFBC}") = "NagyPontossaguAritmetika", "NagyPontossaguAritmetika\NagyPontossaguAritmetika.csproj", "{8F397194-B206-481B-9F3B-6478DEAAA52D}"
EndProject
Global
	GlobalSection(SolutionConfigurationPlatforms) = preSolution
		Debug|Any CPU = Debug|Any CPU
		Release|Any CPU = Release|Any CPU
	EndGlobalSection
	GlobalSection(ProjectConfigurationPlatforms) = postSolution
		{8F397194-B206-481B-9F3B-6478DEAAA52D}.Debug|Any CPU.ActiveCfg = Debug|Any CPU
		{8F397194-B206-481B-9F3B-6478DEAAA52D}.Debug|Any CPU.Build.0 = Debug|Any CPU
		{8F397194-B206-481B-9F3B-6478DEAAA52D}.Release|Any CPU.ActiveCfg = Release|Any CPU
		{8F397194-B206-481B-9F3B-6478DEAAA52D}.Release|Any CPU.Build.0 = Release|Any CPU
	EndGlobalSection
	GlobalSection(SolutionProperties) = preSolution
		HideSolutionNode = FALSE
	EndGlobalSection
	GlobalSection(ExtensibilityGlobals) = postSolution
		SolutionGuid = {F3F9F800-A6F4-4326-A85B-EE94E607251E}
	EndGlobalSection
EndGlobal
