
Microsoft Visual Studio Solution File, Format Version 12.00
# Visual Studio Version 17
VisualStudioVersion = 17.14.36301.6 d17.14
MinimumVisualStudioVersion = 10.0.40219.1
Project("{FAE04EC0-301F-11D3-BF4B-00C04F79EFBC}") = "2025.11.24._Karakterlanc", "2025.11.24._Karakterlanc\2025.11.24._Karakterlanc.csproj", "{AF82F14F-9AED-4D9C-A011-982B167BF831}"
EndProject
Global
	GlobalSection(SolutionConfigurationPlatforms) = preSolution
		Debug|Any CPU = Debug|Any CPU
		Release|Any CPU = Release|Any CPU
	EndGlobalSection
	GlobalSection(ProjectConfigurationPlatforms) = postSolution
		{AF82F14F-9AED-4D9C-A011-982B167BF831}.Debug|Any CPU.ActiveCfg = Debug|Any CPU
		{AF82F14F-9AED-4D9C-A011-982B167BF831}.Debug|Any CPU.Build.0 = Debug|Any CPU
		{AF82F14F-9AED-4D9C-A011-982B167BF831}.Release|Any CPU.ActiveCfg = Release|Any CPU
		{AF82F14F-9AED-4D9C-A011-982B167BF831}.Release|Any CPU.Build.0 = Release|Any CPU
	EndGlobalSection
	GlobalSection(SolutionProperties) = preSolution
		HideSolutionNode = FALSE
	EndGlobalSection
	GlobalSection(ExtensibilityGlobals) = postSolution
		SolutionGuid = {55D7F9D2-1513-4FEA-BA0D-CB8FBE9A8636}
	EndGlobalSection
EndGlobal
