
Microsoft Visual Studio Solution File, Format Version 12.00
# Visual Studio Version 17
VisualStudioVersion = 17.14.36301.6
MinimumVisualStudioVersion = 10.0.40219.1
Project("{FAE04EC0-301F-11D3-BF4B-00C04F79EFBC}") = "2025.10.06._Solatire", "2025.10.06._Solatire\2025.10.06._Solatire.csproj", "{2E2ABEDB-A431-4852-B52F-5349750E046D}"
EndProject
Global
	GlobalSection(SolutionConfigurationPlatforms) = preSolution
		Debug|Any CPU = Debug|Any CPU
		Release|Any CPU = Release|Any CPU
	EndGlobalSection
	GlobalSection(ProjectConfigurationPlatforms) = postSolution
		{2E2ABEDB-A431-4852-B52F-5349750E046D}.Debug|Any CPU.ActiveCfg = Debug|Any CPU
		{2E2ABEDB-A431-4852-B52F-5349750E046D}.Debug|Any CPU.Build.0 = Debug|Any CPU
		{2E2ABEDB-A431-4852-B52F-5349750E046D}.Release|Any CPU.ActiveCfg = Release|Any CPU
		{2E2ABEDB-A431-4852-B52F-5349750E046D}.Release|Any CPU.Build.0 = Release|Any CPU
	EndGlobalSection
	GlobalSection(SolutionProperties) = preSolution
		HideSolutionNode = FALSE
	EndGlobalSection
	GlobalSection(ExtensibilityGlobals) = postSolution
		SolutionGuid = {ECE59C3C-2238-4A67-A5B3-48F4E8661F34}
	EndGlobalSection
EndGlobal
