
Microsoft Visual Studio Solution File, Format Version 12.00
# Visual Studio Version 17
VisualStudioVersion = 17.14.36301.6
MinimumVisualStudioVersion = 10.0.40219.1
Project("{FAE04EC0-301F-11D3-BF4B-00C04F79EFBC}") = "2025_10_06_Solitaire", "2025_10_06_Solitaire\2025_10_06_Solitaire.csproj", "{6AFAF673-3B1B-4173-97C7-1C4A705D5540}"
EndProject
Global
	GlobalSection(SolutionConfigurationPlatforms) = preSolution
		Debug|Any CPU = Debug|Any CPU
		Release|Any CPU = Release|Any CPU
	EndGlobalSection
	GlobalSection(ProjectConfigurationPlatforms) = postSolution
		{6AFAF673-3B1B-4173-97C7-1C4A705D5540}.Debug|Any CPU.ActiveCfg = Debug|Any CPU
		{6AFAF673-3B1B-4173-97C7-1C4A705D5540}.Debug|Any CPU.Build.0 = Debug|Any CPU
		{6AFAF673-3B1B-4173-97C7-1C4A705D5540}.Release|Any CPU.ActiveCfg = Release|Any CPU
		{6AFAF673-3B1B-4173-97C7-1C4A705D5540}.Release|Any CPU.Build.0 = Release|Any CPU
	EndGlobalSection
	GlobalSection(SolutionProperties) = preSolution
		HideSolutionNode = FALSE
	EndGlobalSection
	GlobalSection(ExtensibilityGlobals) = postSolution
		SolutionGuid = {B5B536E4-29DF-4189-80E1-C89D3044101D}
	EndGlobalSection
EndGlobal
