
Microsoft Visual Studio Solution File, Format Version 12.00
# Visual Studio Version 17
VisualStudioVersion = 17.14.36301.6 d17.14
MinimumVisualStudioVersion = 10.0.40219.1
Project("{FAE04EC0-301F-11D3-BF4B-00C04F79EFBC}") = "2025_10_01 FaSzerkezet", "2025_10_01 FaSzerkezet\2025_10_01 FaSzerkezet.csproj", "{A8B49B61-0A4E-4F61-A342-51EEEC2107F3}"
EndProject
Global
	GlobalSection(SolutionConfigurationPlatforms) = preSolution
		Debug|Any CPU = Debug|Any CPU
		Release|Any CPU = Release|Any CPU
	EndGlobalSection
	GlobalSection(ProjectConfigurationPlatforms) = postSolution
		{A8B49B61-0A4E-4F61-A342-51EEEC2107F3}.Debug|Any CPU.ActiveCfg = Debug|Any CPU
		{A8B49B61-0A4E-4F61-A342-51EEEC2107F3}.Debug|Any CPU.Build.0 = Debug|Any CPU
		{A8B49B61-0A4E-4F61-A342-51EEEC2107F3}.Release|Any CPU.ActiveCfg = Release|Any CPU
		{A8B49B61-0A4E-4F61-A342-51EEEC2107F3}.Release|Any CPU.Build.0 = Release|Any CPU
	EndGlobalSection
	GlobalSection(SolutionProperties) = preSolution
		HideSolutionNode = FALSE
	EndGlobalSection
	GlobalSection(ExtensibilityGlobals) = postSolution
		SolutionGuid = {861AF760-F05B-48E8-9129-D55AFE19E405}
	EndGlobalSection
EndGlobal
