
Microsoft Visual Studio Solution File, Format Version 12.00
# Visual Studio Version 17
VisualStudioVersion = 17.14.36301.6 d17.14
MinimumVisualStudioVersion = 10.0.40219.1
Project("{FAE04EC0-301F-11D3-BF4B-00C04F79EFBC}") = "2025.09.29._Halmaz", "2025.09.29._Halmaz\2025.09.29._Halmaz.csproj", "{A06E6E71-5493-4F65-924F-4C0CBC69FCF7}"
EndProject
Global
	GlobalSection(SolutionConfigurationPlatforms) = preSolution
		Debug|Any CPU = Debug|Any CPU
		Release|Any CPU = Release|Any CPU
	EndGlobalSection
	GlobalSection(ProjectConfigurationPlatforms) = postSolution
		{A06E6E71-5493-4F65-924F-4C0CBC69FCF7}.Debug|Any CPU.ActiveCfg = Debug|Any CPU
		{A06E6E71-5493-4F65-924F-4C0CBC69FCF7}.Debug|Any CPU.Build.0 = Debug|Any CPU
		{A06E6E71-5493-4F65-924F-4C0CBC69FCF7}.Release|Any CPU.ActiveCfg = Release|Any CPU
		{A06E6E71-5493-4F65-924F-4C0CBC69FCF7}.Release|Any CPU.Build.0 = Release|Any CPU
	EndGlobalSection
	GlobalSection(SolutionProperties) = preSolution
		HideSolutionNode = FALSE
	EndGlobalSection
	GlobalSection(ExtensibilityGlobals) = postSolution
		SolutionGuid = {B75A416B-3A04-4BF7-AB0A-04079299FE03}
	EndGlobalSection
EndGlobal
