
Microsoft Visual Studio Solution File, Format Version 12.00
# Visual Studio Version 17
VisualStudioVersion = 17.14.36301.6 d17.14
MinimumVisualStudioVersion = 10.0.40219.1
Project("{FAE04EC0-301F-11D3-BF4B-00C04F79EFBC}") = "2025.10.16._Rekurzio", "2025.10.16._Rekurzio\2025.10.16._Rekurzio.csproj", "{FA5C093C-851B-419C-89B3-8FCC56646751}"
EndProject
Global
	GlobalSection(SolutionConfigurationPlatforms) = preSolution
		Debug|Any CPU = Debug|Any CPU
		Release|Any CPU = Release|Any CPU
	EndGlobalSection
	GlobalSection(ProjectConfigurationPlatforms) = postSolution
		{FA5C093C-851B-419C-89B3-8FCC56646751}.Debug|Any CPU.ActiveCfg = Debug|Any CPU
		{FA5C093C-851B-419C-89B3-8FCC56646751}.Debug|Any CPU.Build.0 = Debug|Any CPU
		{FA5C093C-851B-419C-89B3-8FCC56646751}.Release|Any CPU.ActiveCfg = Release|Any CPU
		{FA5C093C-851B-419C-89B3-8FCC56646751}.Release|Any CPU.Build.0 = Release|Any CPU
	EndGlobalSection
	GlobalSection(SolutionProperties) = preSolution
		HideSolutionNode = FALSE
	EndGlobalSection
	GlobalSection(ExtensibilityGlobals) = postSolution
		SolutionGuid = {70ACA6B2-9A8B-4D1F-A33D-1E9866A78C7C}
	EndGlobalSection
EndGlobal
