
Microsoft Visual Studio Solution File, Format Version 12.00
# Visual Studio Version 17
VisualStudioVersion = 17.14.36301.6 d17.14
MinimumVisualStudioVersion = 10.0.40219.1
Project("{FAE04EC0-301F-11D3-BF4B-00C04F79EFBC}") = "2025.10.13._lampa", "2025.10.13._lampa\2025.10.13._lampa.csproj", "{992991CB-BC95-478C-8F64-ED4F834512D3}"
EndProject
Global
	GlobalSection(SolutionConfigurationPlatforms) = preSolution
		Debug|Any CPU = Debug|Any CPU
		Release|Any CPU = Release|Any CPU
	EndGlobalSection
	GlobalSection(ProjectConfigurationPlatforms) = postSolution
		{992991CB-BC95-478C-8F64-ED4F834512D3}.Debug|Any CPU.ActiveCfg = Debug|Any CPU
		{992991CB-BC95-478C-8F64-ED4F834512D3}.Debug|Any CPU.Build.0 = Debug|Any CPU
		{992991CB-BC95-478C-8F64-ED4F834512D3}.Release|Any CPU.ActiveCfg = Release|Any CPU
		{992991CB-BC95-478C-8F64-ED4F834512D3}.Release|Any CPU.Build.0 = Release|Any CPU
	EndGlobalSection
	GlobalSection(SolutionProperties) = preSolution
		HideSolutionNode = FALSE
	EndGlobalSection
	GlobalSection(ExtensibilityGlobals) = postSolution
		SolutionGuid = {862D5FEB-532C-4F0F-939C-55B800D94383}
	EndGlobalSection
EndGlobal
